
Microsoft Visual Studio Solution File, Format Version 12.00
# Visual Studio Version 16
VisualStudioVersion = 16.0.30413.136
MinimumVisualStudioVersion = 10.0.40219.1
Project("{FAE04EC0-301F-11D3-BF4B-00C04F79EFBC}") = "Game", "Game\Game.csproj", "{BB24CAFC-C556-484F-9F0B-BA144A5B9BCE}"
EndProject
Global
	GlobalSection(SolutionConfigurationPlatforms) = preSolution
		Debug|Any CPU = Debug|Any CPU
		Release|Any CPU = Release|Any CPU
	EndGlobalSection
	GlobalSection(ProjectConfigurationPlatforms) = postSolution
		{BB24CAFC-C556-484F-9F0B-BA144A5B9BCE}.Debug|Any CPU.ActiveCfg = Debug|Any CPU
		{BB24CAFC-C556-484F-9F0B-BA144A5B9BCE}.Debug|Any CPU.Build.0 = Debug|Any CPU
		{BB24CAFC-C556-484F-9F0B-BA144A5B9BCE}.Release|Any CPU.ActiveCfg = Release|Any CPU
		{BB24CAFC-C556-484F-9F0B-BA144A5B9BCE}.Release|Any CPU.Build.0 = Release|Any CPU
	EndGlobalSection
	GlobalSection(SolutionProperties) = preSolution
		HideSolutionNode = FALSE
	EndGlobalSection
	GlobalSection(ExtensibilityGlobals) = postSolution
		SolutionGuid = {3E6BC022-B647-4491-8149-E445FD6EE07E}
	EndGlobalSection
EndGlobal
